{
  "requires": true,
  "lockfileVersion": 1,
  "dependencies": {
    "@ngrx/effects": {
      "version": "6.1.0",
      "resolved": "https://registry.npmjs.org/@ngrx/effects/-/effects-6.1.0.tgz",
      "integrity": "sha512-euR/VHn0cEOkdZ3SqCzUvYHT0P5FcTBm4/xSE8gH85ORP0//owD3L6o8X3etfWLRS+BAELk1JcXkFeAVG9CXiQ=="
    }
  }
}
